
Microsoft Visual Studio Solution File, Format Version 12.00
# Visual Studio 15
VisualStudioVersion = 15.0.27703.2026
MinimumVisualStudioVersion = 10.0.40219.1
Project("{9A19103F-16F7-4668-BE54-9A1E7A4F7556}") = "JsonRpc.ServiceClientProxy", "JsonRpc.ServiceClientProxy\JsonRpc.ServiceClientProxy.csproj", "{AA495C91-54E0-45DC-AE1B-35BC49463379}"
EndProject
Project("{9A19103F-16F7-4668-BE54-9A1E7A4F7556}") = "Community.JsonRpc.ServiceClient.Benchmarks", "Community.JsonRpc.ServiceClient.Benchmarks\Community.JsonRpc.ServiceClient.Benchmarks.csproj", "{3E0CA1E0-5EE0-4B4E-91FE-F99F41B36FE3}"
EndProject
Project("{2150E333-8FDC-42A3-9474-1A3956D46DE8}") = "Samples", "Samples", "{8A6904CC-8EAF-4E44-941A-A16893122915}"
EndProject
Project("{9A19103F-16F7-4668-BE54-9A1E7A4F7556}") = "Samples.JsonRpc.Server", "Samples\Samples.JsonRpc.Server\Samples.JsonRpc.Server.csproj", "{26740C37-41AA-4CBA-91F8-935CFCE9A616}"
EndProject
Project("{9A19103F-16F7-4668-BE54-9A1E7A4F7556}") = "Samples.JsonRpc.Client", "Samples\Samples.JsonRpc.Client\Samples.JsonRpc.Client.csproj", "{16A51722-64DA-4183-9FC5-A24D0AF693FD}"
EndProject
Project("{9A19103F-16F7-4668-BE54-9A1E7A4F7556}") = "Samples.JsonRpc.IService", "Samples\Samples.JsonRpc.IService\Samples.JsonRpc.IService.csproj", "{2F9A2CC0-B588-49FE-842C-6B05086879BF}"
EndProject
Global
	GlobalSection(SolutionConfigurationPlatforms) = preSolution
		Debug|Any CPU = Debug|Any CPU
		Release|Any CPU = Release|Any CPU
	EndGlobalSection
	GlobalSection(ProjectConfigurationPlatforms) = postSolution
		{AA495C91-54E0-45DC-AE1B-35BC49463379}.Debug|Any CPU.ActiveCfg = Debug|Any CPU
		{AA495C91-54E0-45DC-AE1B-35BC49463379}.Debug|Any CPU.Build.0 = Debug|Any CPU
		{AA495C91-54E0-45DC-AE1B-35BC49463379}.Release|Any CPU.ActiveCfg = Release|Any CPU
		{AA495C91-54E0-45DC-AE1B-35BC49463379}.Release|Any CPU.Build.0 = Release|Any CPU
		{3E0CA1E0-5EE0-4B4E-91FE-F99F41B36FE3}.Debug|Any CPU.ActiveCfg = Debug|Any CPU
		{3E0CA1E0-5EE0-4B4E-91FE-F99F41B36FE3}.Debug|Any CPU.Build.0 = Debug|Any CPU
		{3E0CA1E0-5EE0-4B4E-91FE-F99F41B36FE3}.Release|Any CPU.ActiveCfg = Release|Any CPU
		{3E0CA1E0-5EE0-4B4E-91FE-F99F41B36FE3}.Release|Any CPU.Build.0 = Release|Any CPU
		{26740C37-41AA-4CBA-91F8-935CFCE9A616}.Debug|Any CPU.ActiveCfg = Debug|Any CPU
		{26740C37-41AA-4CBA-91F8-935CFCE9A616}.Debug|Any CPU.Build.0 = Debug|Any CPU
		{26740C37-41AA-4CBA-91F8-935CFCE9A616}.Release|Any CPU.ActiveCfg = Release|Any CPU
		{26740C37-41AA-4CBA-91F8-935CFCE9A616}.Release|Any CPU.Build.0 = Release|Any CPU
		{16A51722-64DA-4183-9FC5-A24D0AF693FD}.Debug|Any CPU.ActiveCfg = Debug|Any CPU
		{16A51722-64DA-4183-9FC5-A24D0AF693FD}.Debug|Any CPU.Build.0 = Debug|Any CPU
		{16A51722-64DA-4183-9FC5-A24D0AF693FD}.Release|Any CPU.ActiveCfg = Release|Any CPU
		{16A51722-64DA-4183-9FC5-A24D0AF693FD}.Release|Any CPU.Build.0 = Release|Any CPU
		{2F9A2CC0-B588-49FE-842C-6B05086879BF}.Debug|Any CPU.ActiveCfg = Debug|Any CPU
		{2F9A2CC0-B588-49FE-842C-6B05086879BF}.Debug|Any CPU.Build.0 = Debug|Any CPU
		{2F9A2CC0-B588-49FE-842C-6B05086879BF}.Release|Any CPU.ActiveCfg = Release|Any CPU
		{2F9A2CC0-B588-49FE-842C-6B05086879BF}.Release|Any CPU.Build.0 = Release|Any CPU
	EndGlobalSection
	GlobalSection(SolutionProperties) = preSolution
		HideSolutionNode = FALSE
	EndGlobalSection
	GlobalSection(NestedProjects) = preSolution
		{26740C37-41AA-4CBA-91F8-935CFCE9A616} = {8A6904CC-8EAF-4E44-941A-A16893122915}
		{16A51722-64DA-4183-9FC5-A24D0AF693FD} = {8A6904CC-8EAF-4E44-941A-A16893122915}
		{2F9A2CC0-B588-49FE-842C-6B05086879BF} = {8A6904CC-8EAF-4E44-941A-A16893122915}
	EndGlobalSection
	GlobalSection(ExtensibilityGlobals) = postSolution
		SolutionGuid = {2E23540D-E314-404D-920C-248C913510C8}
	EndGlobalSection
EndGlobal
